# THIS IS AN AUTOGENERATED FILE. DO NOT EDIT THIS FILE DIRECTLY.
# yarn lockfile v1


"@types/node@*":
  "integrity" "sha512-zwrxviZS08kRX40nqBrmERElF2vpw4IUTd5khkhBTfFH8AOaeoLVx48EC4+ZzS2/Iga7NevncqnsUSYjM4OWYA=="
  "resolved" "https://registry.npmjs.org/@types/node/-/node-13.1.0.tgz"
  "version" "13.1.0"

"boolbase@~1.0.0":
  "integrity" "sha1-aN/1++YMUes3cl6p4+0xDcwed24= sha512-JZOSA7Mo9sNGB8+UjSgzdLtokWAky1zbztM3WRLCbZ70/3cTANmQmOdR7y2g+J0e2WXywy1yS468tY+IruqEww=="
  "resolved" "https://registry.npmjs.org/boolbase/-/boolbase-1.0.0.tgz"
  "version" "1.0.0"

"cheerio@^1.0.0-rc.3":
  "integrity" "sha512-0td5ijfUPuubwLUu0OBoe98gZj8C/AA+RW3v67GPlGOrvxWjZmBXiBCRU+I8VEiNyJzjth40POfHiz2RB3gImA=="
  "resolved" "https://registry.npmjs.org/cheerio/-/cheerio-1.0.0-rc.3.tgz"
  "version" "1.0.0-rc.3"
  dependencies:
    "css-select" "~1.2.0"
    "dom-serializer" "~0.1.1"
    "entities" "~1.1.1"
    "htmlparser2" "^3.9.1"
    "lodash" "^4.15.0"
    "parse5" "^3.0.1"

"css-select@~1.2.0":
  "integrity" "sha1-KzoRBTnFNV8c2NMUYj6HCxIeyFg= sha512-dUQOBoqdR7QwV90WysXPLXG5LO7nhYBgiWVfxF80DKPF8zx1t/pUd2FYy73emg3zrjtM6dzmYgbHKfV2rxiHQA=="
  "resolved" "https://registry.npmjs.org/css-select/-/css-select-1.2.0.tgz"
  "version" "1.2.0"
  dependencies:
    "boolbase" "~1.0.0"
    "css-what" "2.1"
    "domutils" "1.5.1"
    "nth-check" "~1.0.1"

"css-what@2.1":
  "integrity" "sha512-a+EPoD+uZiNfh+5fxw2nO9QwFa6nJe2Or35fGY6Ipw1R3R4AGz1d1TEZrCegvw2YTmZ0jXirGYlzxxpYSHwpEg=="
  "resolved" "https://registry.npmjs.org/css-what/-/css-what-2.1.3.tgz"
  "version" "2.1.3"

"dom-serializer@~0.1.1", "dom-serializer@0":
  "integrity" "sha512-l0IU0pPzLWSHBcieZbpOKgkIn3ts3vAh7ZuFyXNwJxJXk/c4Gwj9xaTJwIDVQCXawWD0qb3IzMGH5rglQaO0XA=="
  "resolved" "https://registry.npmjs.org/dom-serializer/-/dom-serializer-0.1.1.tgz"
  "version" "0.1.1"
  dependencies:
    "domelementtype" "^1.3.0"
    "entities" "^1.1.1"

"domelementtype@^1.3.0", "domelementtype@^1.3.1", "domelementtype@1":
  "integrity" "sha512-BSKB+TSpMpFI/HOxCNr1O8aMOTZ8hT3pM3GQ0w/mWRmkhEDSFJkkyzz4XQsBV44BChwGkrDfMyjVD0eA2aFV3w=="
  "resolved" "https://registry.npmjs.org/domelementtype/-/domelementtype-1.3.1.tgz"
  "version" "1.3.1"

"domhandler@^2.3.0":
  "integrity" "sha512-JiK04h0Ht5u/80fdLMCEmV4zkNh2BcoMFBmZ/91WtYZ8qVXSKjiw7fXMgFPnHcSZgOo3XdinHvmnDUeMf5R4wA=="
  "resolved" "https://registry.npmjs.org/domhandler/-/domhandler-2.4.2.tgz"
  "version" "2.4.2"
  dependencies:
    "domelementtype" "1"

"domutils@^1.5.1", "domutils@1.5.1":
  "integrity" "sha1-3NhIiib1Y9YQeeSMn3t+Mjc2gs8= sha512-gSu5Oi/I+3wDENBsOWBiRK1eoGxcywYSqg3rR960/+EfY0CF4EX1VPkgHOZ3WiS/Jg2DtliF6BhWcHlfpYUcGw=="
  "resolved" "https://registry.npmjs.org/domutils/-/domutils-1.5.1.tgz"
  "version" "1.5.1"
  dependencies:
    "dom-serializer" "0"
    "domelementtype" "1"

"entities@^1.1.1", "entities@~1.1.1":
  "integrity" "sha512-f2LZMYl1Fzu7YSBKg+RoROelpOaNrcGmE9AZubeDfrCEia483oW4MI4VyFd5VNHIgQ/7qm1I0wUHK1eJnn2y2w=="
  "resolved" "https://registry.npmjs.org/entities/-/entities-1.1.2.tgz"
  "version" "1.1.2"

"htmlparser2@^3.9.1":
  "integrity" "sha512-IgieNijUMbkDovyoKObU1DUhm1iwNYE/fuifEoEHfd1oZKZDaONBSkal7Y01shxsM49R4XaMdGez3WnF9UfiCQ=="
  "resolved" "https://registry.npmjs.org/htmlparser2/-/htmlparser2-3.10.1.tgz"
  "version" "3.10.1"
  dependencies:
    "domelementtype" "^1.3.1"
    "domhandler" "^2.3.0"
    "domutils" "^1.5.1"
    "entities" "^1.1.1"
    "inherits" "^2.0.1"
    "readable-stream" "^3.1.1"

"inherits@^2.0.1", "inherits@^2.0.3":
  "integrity" "sha512-k/vGaX4/Yla3WzyMCvTQOXYeIHvqOKtnqBduzTHpzpQZzAskKMhZ2K+EnBiSM9zGSoIFeMpXKxa4dYeZIQqewQ=="
  "resolved" "https://registry.npmjs.org/inherits/-/inherits-2.0.4.tgz"
  "version" "2.0.4"

"lodash@^4.15.0":
  "integrity" "sha512-8xOcRHvCjnocdS5cpwXQXVzmmh5e5+saE2QGoeQmbKmRS6J3VQppPOIt0MnmE+4xlZoumy0GPG0D0MVIQbNA1A=="
  "resolved" "https://registry.npmjs.org/lodash/-/lodash-4.17.15.tgz"
  "version" "4.17.15"

"nth-check@~1.0.1":
  "integrity" "sha512-WeBOdju8SnzPN5vTUJYxYUxLeXpCaVP5i5e0LF8fg7WORF2Wd7wFX/pk0tYZk7s8T+J7VLy0Da6J1+wCT0AtHg=="
  "resolved" "https://registry.npmjs.org/nth-check/-/nth-check-1.0.2.tgz"
  "version" "1.0.2"
  dependencies:
    "boolbase" "~1.0.0"

"parse5@^3.0.1":
  "integrity" "sha512-rgO9Zg5LLLkfJF9E6CCmXlSE4UVceloys8JrFqCcHloC3usd/kJCyPDwH2SOlzix2j3xaP9sUX3e8+kvkuleAA=="
  "resolved" "https://registry.npmjs.org/parse5/-/parse5-3.0.3.tgz"
  "version" "3.0.3"
  dependencies:
    "@types/node" "*"

"readable-stream@^3.1.1":
  "integrity" "sha512-jItXPLmrSR8jmTRmRWJXCnGJsfy85mB3Wd/uINMXA65yrnFo0cPClFIUWzo2najVNSl+mx7/4W8ttlLWJe99pQ=="
  "resolved" "https://registry.npmjs.org/readable-stream/-/readable-stream-3.4.0.tgz"
  "version" "3.4.0"
  dependencies:
    "inherits" "^2.0.3"
    "string_decoder" "^1.1.1"
    "util-deprecate" "^1.0.1"

"safe-buffer@~5.2.0":
  "integrity" "sha512-fZEwUGbVl7kouZs1jCdMLdt95hdIv0ZeHg6L7qPeciMZhZ+/gdesW4wgTARkrFWEpspjEATAzUGPG8N2jJiwbg=="
  "resolved" "https://registry.npmjs.org/safe-buffer/-/safe-buffer-5.2.0.tgz"
  "version" "5.2.0"

"string_decoder@^1.1.1":
  "integrity" "sha512-hkRX8U1WjJFd8LsDJ2yQ/wWWxaopEsABU1XfkM8A+j0+85JAGppt16cr1Whg6KIbb4okU6Mql6BOj+uup/wKeA=="
  "resolved" "https://registry.npmjs.org/string_decoder/-/string_decoder-1.3.0.tgz"
  "version" "1.3.0"
  dependencies:
    "safe-buffer" "~5.2.0"

"util-deprecate@^1.0.1":
  "integrity" "sha1-RQ1Nyfpw3nMnYvvS1KKJgUGaDM8= sha512-EPD5q1uXyFxJpCrLnCc1nHnq3gOa6DZBocAIiI2TaSCA7VCJ1UJDMagCzIkXNsUYfD1daK//LTEQ8xiIbrHtcw=="
  "resolved" "https://registry.npmjs.org/util-deprecate/-/util-deprecate-1.0.2.tgz"
  "version" "1.0.2"

"vm2@^3.8.4":
  "integrity" "sha512-5HThl+RBO/pwE9SF0kM4nLrpq5vXHBNk4BMX27xztvl0j1RsZ4/PMVJAu9rM9yfOtTo5KroL7XNX3031ExleSw=="
  "resolved" "https://registry.npmjs.org/vm2/-/vm2-3.8.4.tgz"
  "version" "3.8.4"
